
Microsoft Visual Studio Solution File, Format Version 12.00
# Visual Studio Version 17
VisualStudioVersion = 17.5.33516.290
MinimumVisualStudioVersion = 10.0.40219.1
Project("{FAE04EC0-301F-11D3-BF4B-00C04F79EFBC}") = "WebApplication1", "WebApplication1.csproj", "{0B5C0712-92D4-4CB6-A5F5-95C5CF62E14E}"
EndProject
Global
	GlobalSection(SolutionConfigurationPlatforms) = preSolution
		Debug|Any CPU = Debug|Any CPU
		Release|Any CPU = Release|Any CPU
	EndGlobalSection
	GlobalSection(ProjectConfigurationPlatforms) = postSolution
		{0B5C0712-92D4-4CB6-A5F5-95C5CF62E14E}.Debug|Any CPU.ActiveCfg = Debug|Any CPU
		{0B5C0712-92D4-4CB6-A5F5-95C5CF62E14E}.Debug|Any CPU.Build.0 = Debug|Any CPU
		{0B5C0712-92D4-4CB6-A5F5-95C5CF62E14E}.Release|Any CPU.ActiveCfg = Release|Any CPU
		{0B5C0712-92D4-4CB6-A5F5-95C5CF62E14E}.Release|Any CPU.Build.0 = Release|Any CPU
	EndGlobalSection
	GlobalSection(SolutionProperties) = preSolution
		HideSolutionNode = FALSE
	EndGlobalSection
	GlobalSection(ExtensibilityGlobals) = postSolution
		SolutionGuid = {8C332A84-DAE0-4C7E-85F2-C79208115AF7}
	EndGlobalSection
EndGlobal
